dependencies:
- name: opentelemetry-collector
  repository: https://open-telemetry.github.io/opentelemetry-helm-charts
  version: 0.143.0
- name: loki
  repository: oci://ghcr.io/grafana-community/helm-charts
  version: 16.0.0
- name: mimir-distributed
  repository: https://grafana.github.io/helm-charts
  version: 6.0.6
- name: tempo
  repository: https://grafana.github.io/helm-charts
  version: 1.24.4
- name: grafana
  repository: https://grafana.github.io/helm-charts
  version: 10.5.8
digest: sha256:b3d84c16762af4c6ece1de0c67454675655591d2fa814749d51731eedc9023a8
generated: "2026-05-29T15:54:18.6902683+03:00"
